
Microsoft Visual Studio Solution File, Format Version 12.00
# Visual Studio 15
VisualStudioVersion = 15.0.28010.2046
MinimumVisualStudioVersion = 10.0.40219.1
Project("{8BC9CEB8-8B4A-11D0-8D11-00A0C91BC942}") = "List", "List\List.vcxproj", "{7902F95D-2393-4C51-8732-5D16145C7CCB}"
EndProject
Project("{8BC9CEB8-8B4A-11D0-8D11-00A0C91BC942}") = "Library-MK1", "Library-MK1\Library-MK1.vcxproj", "{14EF45AB-4FE4-4D76-A3C9-738DCE0EB7DC}"
EndProject
Global
	GlobalSection(SolutionConfigurationPlatforms) = preSolution
		Debug|x64 = Debug|x64
		Debug|x86 = Debug|x86
		Release|x64 = Release|x64
		Release|x86 = Release|x86
	EndGlobalSection
	GlobalSection(ProjectConfigurationPlatforms) = postSolution
		{7902F95D-2393-4C51-8732-5D16145C7CCB}.Debug|x64.ActiveCfg = Debug|x64
		{7902F95D-2393-4C51-8732-5D16145C7CCB}.Debug|x64.Build.0 = Debug|x64
		{7902F95D-2393-4C51-8732-5D16145C7CCB}.Debug|x86.ActiveCfg = Debug|Win32
		{7902F95D-2393-4C51-8732-5D16145C7CCB}.Debug|x86.Build.0 = Debug|Win32
		{7902F95D-2393-4C51-8732-5D16145C7CCB}.Release|x64.ActiveCfg = Release|x64
		{7902F95D-2393-4C51-8732-5D16145C7CCB}.Release|x64.Build.0 = Release|x64
		{7902F95D-2393-4C51-8732-5D16145C7CCB}.Release|x86.ActiveCfg = Release|Win32
		{7902F95D-2393-4C51-8732-5D16145C7CCB}.Release|x86.Build.0 = Release|Win32
		{14EF45AB-4FE4-4D76-A3C9-738DCE0EB7DC}.Debug|x64.ActiveCfg = Debug|x64
		{14EF45AB-4FE4-4D76-A3C9-738DCE0EB7DC}.Debug|x64.Build.0 = Debug|x64
		{14EF45AB-4FE4-4D76-A3C9-738DCE0EB7DC}.Debug|x86.ActiveCfg = Debug|Win32
		{14EF45AB-4FE4-4D76-A3C9-738DCE0EB7DC}.Debug|x86.Build.0 = Debug|Win32
		{14EF45AB-4FE4-4D76-A3C9-738DCE0EB7DC}.Release|x64.ActiveCfg = Release|x64
		{14EF45AB-4FE4-4D76-A3C9-738DCE0EB7DC}.Release|x64.Build.0 = Release|x64
		{14EF45AB-4FE4-4D76-A3C9-738DCE0EB7DC}.Release|x86.ActiveCfg = Release|Win32
		{14EF45AB-4FE4-4D76-A3C9-738DCE0EB7DC}.Release|x86.Build.0 = Release|Win32
	EndGlobalSection
	GlobalSection(SolutionProperties) = preSolution
		HideSolutionNode = FALSE
	EndGlobalSection
	GlobalSection(ExtensibilityGlobals) = postSolution
		SolutionGuid = {D311D88C-335F-47D3-BD1F-0D23B5DC39E1}
	EndGlobalSection
EndGlobal
